
Microsoft Visual Studio Solution File, Format Version 12.00
# Visual Studio 2012
Project("{2150E333-8FDC-42A3-9474-1A3956D46DE8}") = "Padroes Criacionais", "Padroes Criacionais", "{07B11564-E60A-4A2B-B464-CB06436F4956}"
	ProjectSection(SolutionItems) = preProject
		_Resumo - Padroes Criacionais.txt = _Resumo - Padroes Criacionais.txt
	EndProjectSection
EndProject
Project("{2150E333-8FDC-42A3-9474-1A3956D46DE8}") = "Padroes Estruturais", "Padroes Estruturais", "{934504B2-6BD7-42B2-8381-E9B68DA3CFF1}"
	ProjectSection(SolutionItems) = preProject
		_Resumo - Padroes Estruturais.txt = _Resumo - Padroes Estruturais.txt
	EndProjectSection
EndProject
Project("{2150E333-8FDC-42A3-9474-1A3956D46DE8}") = "Padroes Comportamentais", "Padroes Comportamentais", "{9A5F3907-A23C-467D-89E8-647BC6F808BC}"
	ProjectSection(SolutionItems) = preProject
		_Resumo - Padroes Comportamentais.txt = _Resumo - Padroes Comportamentais.txt
	EndProjectSection
EndProject
Project("{FAE04EC0-301F-11D3-BF4B-00C04F79EFBC}") = "AbstractFactory", "AbstractFactory\AbstractFactory.csproj", "{D71D0FFA-6191-4F8A-8936-537F5FC44AF1}"
EndProject
Project("{FAE04EC0-301F-11D3-BF4B-00C04F79EFBC}") = "Builder", "Builder\Builder.csproj", "{A1B8CA39-490E-4AC9-A35D-23872DCF6EC2}"
EndProject
Project("{FAE04EC0-301F-11D3-BF4B-00C04F79EFBC}") = "FactoryMethod", "FactoryMethod\FactoryMethod.csproj", "{96E8CF07-C533-413E-B30A-DA47679C5D59}"
EndProject
Project("{FAE04EC0-301F-11D3-BF4B-00C04F79EFBC}") = "Prototype", "Prototype\Prototype.csproj", "{88A6B86C-BBFE-4B9B-9707-A7D7CFC1029A}"
EndProject
Project("{FAE04EC0-301F-11D3-BF4B-00C04F79EFBC}") = "Singleton", "Singleton\Singleton.csproj", "{409320A1-7BF9-44CB-BE14-6A5D63EF15CC}"
EndProject
Project("{FAE04EC0-301F-11D3-BF4B-00C04F79EFBC}") = "Adapter", "Adapter\Adapter.csproj", "{5DDBB63C-4735-4DDA-AA71-83459DA4A575}"
EndProject
Project("{FAE04EC0-301F-11D3-BF4B-00C04F79EFBC}") = "Bridge", "Bridge\Bridge.csproj", "{53B1DA65-E6B7-492A-A2B6-5A978951F230}"
EndProject
Project("{FAE04EC0-301F-11D3-BF4B-00C04F79EFBC}") = "Composite", "Composite\Composite.csproj", "{9B4B345A-7E49-490C-B6CF-013547559D6E}"
EndProject
Project("{FAE04EC0-301F-11D3-BF4B-00C04F79EFBC}") = "Decorator", "Decorator\Decorator.csproj", "{1EFC53BE-7569-4DA1-84E6-B2801F2B4C84}"
EndProject
Project("{FAE04EC0-301F-11D3-BF4B-00C04F79EFBC}") = "Facade", "Facade\Facade.csproj", "{F9DC6FEF-2CA8-4534-A38B-2814CD17CFDD}"
EndProject
Project("{FAE04EC0-301F-11D3-BF4B-00C04F79EFBC}") = "Flyweight", "Flyweight\Flyweight.csproj", "{8B54FA4A-2326-4CD6-975E-FD2A09C351DA}"
EndProject
Project("{FAE04EC0-301F-11D3-BF4B-00C04F79EFBC}") = "Proxy", "Proxy\Proxy.csproj", "{AD3E7E9E-D2B2-4CD6-857B-4324BBF3A5EF}"
EndProject
Project("{FAE04EC0-301F-11D3-BF4B-00C04F79EFBC}") = "ChainOfResponsibility", "ChainOfResponsibility\ChainOfResponsibility.csproj", "{3DE1BE64-3680-4476-A7BC-E4E70F9A9D77}"
EndProject
Project("{FAE04EC0-301F-11D3-BF4B-00C04F79EFBC}") = "Command", "Command\Command.csproj", "{CDF3E6BA-DECF-478A-9458-F723840479D5}"
EndProject
Project("{FAE04EC0-301F-11D3-BF4B-00C04F79EFBC}") = "Interpreter", "Interpreter\Interpreter.csproj", "{4A88C8D9-0932-43F0-92CE-5558074BB25D}"
EndProject
Project("{FAE04EC0-301F-11D3-BF4B-00C04F79EFBC}") = "Iterator", "Iterator\Iterator.csproj", "{36ADC2ED-7DF5-4583-A036-302788CCE630}"
EndProject
Project("{FAE04EC0-301F-11D3-BF4B-00C04F79EFBC}") = "Mediator", "Mediator\Mediator.csproj", "{21E3D2FD-DEC4-4D60-B460-F17BE36DC2DA}"
EndProject
Project("{FAE04EC0-301F-11D3-BF4B-00C04F79EFBC}") = "Memento", "Memento\Memento.csproj", "{EB21853B-73D5-4192-A512-4A39BE4840AF}"
EndProject
Project("{FAE04EC0-301F-11D3-BF4B-00C04F79EFBC}") = "Observer", "Observer\Observer.csproj", "{BB09D242-20C9-44B2-8DA4-7D9E4DE8DC29}"
EndProject
Project("{FAE04EC0-301F-11D3-BF4B-00C04F79EFBC}") = "State", "State\State.csproj", "{20897AEA-8A8B-4C67-830A-784F53F418FB}"
EndProject
Project("{FAE04EC0-301F-11D3-BF4B-00C04F79EFBC}") = "Strategy", "Strategy\Strategy.csproj", "{33F1DA84-888C-4AB4-AB86-E7223D84BAA5}"
EndProject
Project("{FAE04EC0-301F-11D3-BF4B-00C04F79EFBC}") = "TemplateMethod", "TemplateMethod\TemplateMethod.csproj", "{8FAE41D2-228F-40EA-A0B0-A77876A7DE14}"
EndProject
Project("{FAE04EC0-301F-11D3-BF4B-00C04F79EFBC}") = "Visitor", "Visitor\Visitor.csproj", "{0B6B42E4-1808-400C-8B8D-5451EBD5D681}"
EndProject
Project("{2150E333-8FDC-42A3-9474-1A3956D46DE8}") = "About", "About", "{4C387692-0236-4D88-970A-58C89443E0D2}"
	ProjectSection(SolutionItems) = preProject
		Info.txt = Info.txt
	EndProjectSection
EndProject
Global
	GlobalSection(SolutionConfigurationPlatforms) = preSolution
		Debug|Any CPU = Debug|Any CPU
		Release|Any CPU = Release|Any CPU
	EndGlobalSection
	GlobalSection(ProjectConfigurationPlatforms) = postSolution
		{D71D0FFA-6191-4F8A-8936-537F5FC44AF1}.Debug|Any CPU.ActiveCfg = Debug|Any CPU
		{D71D0FFA-6191-4F8A-8936-537F5FC44AF1}.Debug|Any CPU.Build.0 = Debug|Any CPU
		{D71D0FFA-6191-4F8A-8936-537F5FC44AF1}.Release|Any CPU.ActiveCfg = Release|Any CPU
		{D71D0FFA-6191-4F8A-8936-537F5FC44AF1}.Release|Any CPU.Build.0 = Release|Any CPU
		{A1B8CA39-490E-4AC9-A35D-23872DCF6EC2}.Debug|Any CPU.ActiveCfg = Debug|Any CPU
		{A1B8CA39-490E-4AC9-A35D-23872DCF6EC2}.Debug|Any CPU.Build.0 = Debug|Any CPU
		{A1B8CA39-490E-4AC9-A35D-23872DCF6EC2}.Release|Any CPU.ActiveCfg = Release|Any CPU
		{A1B8CA39-490E-4AC9-A35D-23872DCF6EC2}.Release|Any CPU.Build.0 = Release|Any CPU
		{96E8CF07-C533-413E-B30A-DA47679C5D59}.Debug|Any CPU.ActiveCfg = Debug|Any CPU
		{96E8CF07-C533-413E-B30A-DA47679C5D59}.Debug|Any CPU.Build.0 = Debug|Any CPU
		{96E8CF07-C533-413E-B30A-DA47679C5D59}.Release|Any CPU.ActiveCfg = Release|Any CPU
		{96E8CF07-C533-413E-B30A-DA47679C5D59}.Release|Any CPU.Build.0 = Release|Any CPU
		{88A6B86C-BBFE-4B9B-9707-A7D7CFC1029A}.Debug|Any CPU.ActiveCfg = Debug|Any CPU
		{88A6B86C-BBFE-4B9B-9707-A7D7CFC1029A}.Debug|Any CPU.Build.0 = Debug|Any CPU
		{88A6B86C-BBFE-4B9B-9707-A7D7CFC1029A}.Release|Any CPU.ActiveCfg = Release|Any CPU
		{88A6B86C-BBFE-4B9B-9707-A7D7CFC1029A}.Release|Any CPU.Build.0 = Release|Any CPU
		{409320A1-7BF9-44CB-BE14-6A5D63EF15CC}.Debug|Any CPU.ActiveCfg = Debug|Any CPU
		{409320A1-7BF9-44CB-BE14-6A5D63EF15CC}.Debug|Any CPU.Build.0 = Debug|Any CPU
		{409320A1-7BF9-44CB-BE14-6A5D63EF15CC}.Release|Any CPU.ActiveCfg = Release|Any CPU
		{409320A1-7BF9-44CB-BE14-6A5D63EF15CC}.Release|Any CPU.Build.0 = Release|Any CPU
		{5DDBB63C-4735-4DDA-AA71-83459DA4A575}.Debug|Any CPU.ActiveCfg = Debug|Any CPU
		{5DDBB63C-4735-4DDA-AA71-83459DA4A575}.Debug|Any CPU.Build.0 = Debug|Any CPU
		{5DDBB63C-4735-4DDA-AA71-83459DA4A575}.Release|Any CPU.ActiveCfg = Release|Any CPU
		{5DDBB63C-4735-4DDA-AA71-83459DA4A575}.Release|Any CPU.Build.0 = Release|Any CPU
		{53B1DA65-E6B7-492A-A2B6-5A978951F230}.Debug|Any CPU.ActiveCfg = Debug|Any CPU
		{53B1DA65-E6B7-492A-A2B6-5A978951F230}.Debug|Any CPU.Build.0 = Debug|Any CPU
		{53B1DA65-E6B7-492A-A2B6-5A978951F230}.Release|Any CPU.ActiveCfg = Release|Any CPU
		{53B1DA65-E6B7-492A-A2B6-5A978951F230}.Release|Any CPU.Build.0 = Release|Any CPU
		{9B4B345A-7E49-490C-B6CF-013547559D6E}.Debug|Any CPU.ActiveCfg = Debug|Any CPU
		{9B4B345A-7E49-490C-B6CF-013547559D6E}.Debug|Any CPU.Build.0 = Debug|Any CPU
		{9B4B345A-7E49-490C-B6CF-013547559D6E}.Release|Any CPU.ActiveCfg = Release|Any CPU
		{9B4B345A-7E49-490C-B6CF-013547559D6E}.Release|Any CPU.Build.0 = Release|Any CPU
		{1EFC53BE-7569-4DA1-84E6-B2801F2B4C84}.Debug|Any CPU.ActiveCfg = Debug|Any CPU
		{1EFC53BE-7569-4DA1-84E6-B2801F2B4C84}.Debug|Any CPU.Build.0 = Debug|Any CPU
		{1EFC53BE-7569-4DA1-84E6-B2801F2B4C84}.Release|Any CPU.ActiveCfg = Release|Any CPU
		{1EFC53BE-7569-4DA1-84E6-B2801F2B4C84}.Release|Any CPU.Build.0 = Release|Any CPU
		{F9DC6FEF-2CA8-4534-A38B-2814CD17CFDD}.Debug|Any CPU.ActiveCfg = Debug|Any CPU
		{F9DC6FEF-2CA8-4534-A38B-2814CD17CFDD}.Debug|Any CPU.Build.0 = Debug|Any CPU
		{F9DC6FEF-2CA8-4534-A38B-2814CD17CFDD}.Release|Any CPU.ActiveCfg = Release|Any CPU
		{F9DC6FEF-2CA8-4534-A38B-2814CD17CFDD}.Release|Any CPU.Build.0 = Release|Any CPU
		{8B54FA4A-2326-4CD6-975E-FD2A09C351DA}.Debug|Any CPU.ActiveCfg = Debug|Any CPU
		{8B54FA4A-2326-4CD6-975E-FD2A09C351DA}.Debug|Any CPU.Build.0 = Debug|Any CPU
		{8B54FA4A-2326-4CD6-975E-FD2A09C351DA}.Release|Any CPU.ActiveCfg = Release|Any CPU
		{8B54FA4A-2326-4CD6-975E-FD2A09C351DA}.Release|Any CPU.Build.0 = Release|Any CPU
		{AD3E7E9E-D2B2-4CD6-857B-4324BBF3A5EF}.Debug|Any CPU.ActiveCfg = Debug|Any CPU
		{AD3E7E9E-D2B2-4CD6-857B-4324BBF3A5EF}.Debug|Any CPU.Build.0 = Debug|Any CPU
		{AD3E7E9E-D2B2-4CD6-857B-4324BBF3A5EF}.Release|Any CPU.ActiveCfg = Release|Any CPU
		{AD3E7E9E-D2B2-4CD6-857B-4324BBF3A5EF}.Release|Any CPU.Build.0 = Release|Any CPU
		{3DE1BE64-3680-4476-A7BC-E4E70F9A9D77}.Debug|Any CPU.ActiveCfg = Debug|Any CPU
		{3DE1BE64-3680-4476-A7BC-E4E70F9A9D77}.Debug|Any CPU.Build.0 = Debug|Any CPU
		{3DE1BE64-3680-4476-A7BC-E4E70F9A9D77}.Release|Any CPU.ActiveCfg = Release|Any CPU
		{3DE1BE64-3680-4476-A7BC-E4E70F9A9D77}.Release|Any CPU.Build.0 = Release|Any CPU
		{CDF3E6BA-DECF-478A-9458-F723840479D5}.Debug|Any CPU.ActiveCfg = Debug|Any CPU
		{CDF3E6BA-DECF-478A-9458-F723840479D5}.Debug|Any CPU.Build.0 = Debug|Any CPU
		{CDF3E6BA-DECF-478A-9458-F723840479D5}.Release|Any CPU.ActiveCfg = Release|Any CPU
		{CDF3E6BA-DECF-478A-9458-F723840479D5}.Release|Any CPU.Build.0 = Release|Any CPU
		{4A88C8D9-0932-43F0-92CE-5558074BB25D}.Debug|Any CPU.ActiveCfg = Debug|Any CPU
		{4A88C8D9-0932-43F0-92CE-5558074BB25D}.Debug|Any CPU.Build.0 = Debug|Any CPU
		{4A88C8D9-0932-43F0-92CE-5558074BB25D}.Release|Any CPU.ActiveCfg = Release|Any CPU
		{4A88C8D9-0932-43F0-92CE-5558074BB25D}.Release|Any CPU.Build.0 = Release|Any CPU
		{36ADC2ED-7DF5-4583-A036-302788CCE630}.Debug|Any CPU.ActiveCfg = Debug|Any CPU
		{36ADC2ED-7DF5-4583-A036-302788CCE630}.Debug|Any CPU.Build.0 = Debug|Any CPU
		{36ADC2ED-7DF5-4583-A036-302788CCE630}.Release|Any CPU.ActiveCfg = Release|Any CPU
		{36ADC2ED-7DF5-4583-A036-302788CCE630}.Release|Any CPU.Build.0 = Release|Any CPU
		{21E3D2FD-DEC4-4D60-B460-F17BE36DC2DA}.Debug|Any CPU.ActiveCfg = Debug|Any CPU
		{21E3D2FD-DEC4-4D60-B460-F17BE36DC2DA}.Debug|Any CPU.Build.0 = Debug|Any CPU
		{21E3D2FD-DEC4-4D60-B460-F17BE36DC2DA}.Release|Any CPU.ActiveCfg = Release|Any CPU
		{21E3D2FD-DEC4-4D60-B460-F17BE36DC2DA}.Release|Any CPU.Build.0 = Release|Any CPU
		{EB21853B-73D5-4192-A512-4A39BE4840AF}.Debug|Any CPU.ActiveCfg = Debug|Any CPU
		{EB21853B-73D5-4192-A512-4A39BE4840AF}.Debug|Any CPU.Build.0 = Debug|Any CPU
		{EB21853B-73D5-4192-A512-4A39BE4840AF}.Release|Any CPU.ActiveCfg = Release|Any CPU
		{EB21853B-73D5-4192-A512-4A39BE4840AF}.Release|Any CPU.Build.0 = Release|Any CPU
		{BB09D242-20C9-44B2-8DA4-7D9E4DE8DC29}.Debug|Any CPU.ActiveCfg = Debug|Any CPU
		{BB09D242-20C9-44B2-8DA4-7D9E4DE8DC29}.Debug|Any CPU.Build.0 = Debug|Any CPU
		{BB09D242-20C9-44B2-8DA4-7D9E4DE8DC29}.Release|Any CPU.ActiveCfg = Release|Any CPU
		{BB09D242-20C9-44B2-8DA4-7D9E4DE8DC29}.Release|Any CPU.Build.0 = Release|Any CPU
		{20897AEA-8A8B-4C67-830A-784F53F418FB}.Debug|Any CPU.ActiveCfg = Debug|Any CPU
		{20897AEA-8A8B-4C67-830A-784F53F418FB}.Debug|Any CPU.Build.0 = Debug|Any CPU
		{20897AEA-8A8B-4C67-830A-784F53F418FB}.Release|Any CPU.ActiveCfg = Release|Any CPU
		{20897AEA-8A8B-4C67-830A-784F53F418FB}.Release|Any CPU.Build.0 = Release|Any CPU
		{33F1DA84-888C-4AB4-AB86-E7223D84BAA5}.Debug|Any CPU.ActiveCfg = Debug|Any CPU
		{33F1DA84-888C-4AB4-AB86-E7223D84BAA5}.Debug|Any CPU.Build.0 = Debug|Any CPU
		{33F1DA84-888C-4AB4-AB86-E7223D84BAA5}.Release|Any CPU.ActiveCfg = Release|Any CPU
		{33F1DA84-888C-4AB4-AB86-E7223D84BAA5}.Release|Any CPU.Build.0 = Release|Any CPU
		{8FAE41D2-228F-40EA-A0B0-A77876A7DE14}.Debug|Any CPU.ActiveCfg = Debug|Any CPU
		{8FAE41D2-228F-40EA-A0B0-A77876A7DE14}.Debug|Any CPU.Build.0 = Debug|Any CPU
		{8FAE41D2-228F-40EA-A0B0-A77876A7DE14}.Release|Any CPU.ActiveCfg = Release|Any CPU
		{8FAE41D2-228F-40EA-A0B0-A77876A7DE14}.Release|Any CPU.Build.0 = Release|Any CPU
		{0B6B42E4-1808-400C-8B8D-5451EBD5D681}.Debug|Any CPU.ActiveCfg = Debug|Any CPU
		{0B6B42E4-1808-400C-8B8D-5451EBD5D681}.Debug|Any CPU.Build.0 = Debug|Any CPU
		{0B6B42E4-1808-400C-8B8D-5451EBD5D681}.Release|Any CPU.ActiveCfg = Release|Any CPU
		{0B6B42E4-1808-400C-8B8D-5451EBD5D681}.Release|Any CPU.Build.0 = Release|Any CPU
	EndGlobalSection
	GlobalSection(SolutionProperties) = preSolution
		HideSolutionNode = FALSE
	EndGlobalSection
	GlobalSection(NestedProjects) = preSolution
		{D71D0FFA-6191-4F8A-8936-537F5FC44AF1} = {07B11564-E60A-4A2B-B464-CB06436F4956}
		{A1B8CA39-490E-4AC9-A35D-23872DCF6EC2} = {07B11564-E60A-4A2B-B464-CB06436F4956}
		{96E8CF07-C533-413E-B30A-DA47679C5D59} = {07B11564-E60A-4A2B-B464-CB06436F4956}
		{88A6B86C-BBFE-4B9B-9707-A7D7CFC1029A} = {07B11564-E60A-4A2B-B464-CB06436F4956}
		{409320A1-7BF9-44CB-BE14-6A5D63EF15CC} = {07B11564-E60A-4A2B-B464-CB06436F4956}
		{5DDBB63C-4735-4DDA-AA71-83459DA4A575} = {934504B2-6BD7-42B2-8381-E9B68DA3CFF1}
		{53B1DA65-E6B7-492A-A2B6-5A978951F230} = {934504B2-6BD7-42B2-8381-E9B68DA3CFF1}
		{9B4B345A-7E49-490C-B6CF-013547559D6E} = {934504B2-6BD7-42B2-8381-E9B68DA3CFF1}
		{1EFC53BE-7569-4DA1-84E6-B2801F2B4C84} = {934504B2-6BD7-42B2-8381-E9B68DA3CFF1}
		{F9DC6FEF-2CA8-4534-A38B-2814CD17CFDD} = {934504B2-6BD7-42B2-8381-E9B68DA3CFF1}
		{8B54FA4A-2326-4CD6-975E-FD2A09C351DA} = {934504B2-6BD7-42B2-8381-E9B68DA3CFF1}
		{AD3E7E9E-D2B2-4CD6-857B-4324BBF3A5EF} = {934504B2-6BD7-42B2-8381-E9B68DA3CFF1}
		{3DE1BE64-3680-4476-A7BC-E4E70F9A9D77} = {9A5F3907-A23C-467D-89E8-647BC6F808BC}
		{CDF3E6BA-DECF-478A-9458-F723840479D5} = {9A5F3907-A23C-467D-89E8-647BC6F808BC}
		{4A88C8D9-0932-43F0-92CE-5558074BB25D} = {9A5F3907-A23C-467D-89E8-647BC6F808BC}
		{36ADC2ED-7DF5-4583-A036-302788CCE630} = {9A5F3907-A23C-467D-89E8-647BC6F808BC}
		{21E3D2FD-DEC4-4D60-B460-F17BE36DC2DA} = {9A5F3907-A23C-467D-89E8-647BC6F808BC}
		{EB21853B-73D5-4192-A512-4A39BE4840AF} = {9A5F3907-A23C-467D-89E8-647BC6F808BC}
		{BB09D242-20C9-44B2-8DA4-7D9E4DE8DC29} = {9A5F3907-A23C-467D-89E8-647BC6F808BC}
		{20897AEA-8A8B-4C67-830A-784F53F418FB} = {9A5F3907-A23C-467D-89E8-647BC6F808BC}
		{33F1DA84-888C-4AB4-AB86-E7223D84BAA5} = {9A5F3907-A23C-467D-89E8-647BC6F808BC}
		{8FAE41D2-228F-40EA-A0B0-A77876A7DE14} = {9A5F3907-A23C-467D-89E8-647BC6F808BC}
		{0B6B42E4-1808-400C-8B8D-5451EBD5D681} = {9A5F3907-A23C-467D-89E8-647BC6F808BC}
	EndGlobalSection
EndGlobal
